// !$*UTF8*$!
{
	archiveVersion = 1;
	classes = {
	};
	objectVersion = 50;
	objects = {

/* Begin PBXBuildFile section */
		122D2C1C7C98EC5FA7B733E2 /* Pods_MyScheduler.framework in Frameworks */ = {isa = PBXBuildFile; fileRef = CD0D29231BEE8F3DBAC59093 /* Pods_MyScheduler.framework */; };
		191A6B3E212113CB00EACFCB /* AppDelegate.swift in Sources */ = {isa = PBXBuildFile; fileRef = 191A6B3D212113CB00EACFCB /* AppDelegate.swift */; };
		191A6B40212113CB00EACFCB /* ViewController.swift in Sources */ = {isa = PBXBuildFile; fileRef = 191A6B3F212113CB00EACFCB /* ViewController.swift */; };
		191A6B43212113CB00EACFCB /* Main.storyboard in Resources */ = {isa = PBXBuildFile; fileRef = 191A6B41212113CB00EACFCB /* Main.storyboard */; };
		191A6B48212113CD00EACFCB /* Assets.xcassets in Resources */ = {isa = PBXBuildFile; fileRef = 191A6B47212113CD00EACFCB /* Assets.xcassets */; };
		191A6B4B212113CD00EACFCB /* LaunchScreen.storyboard in Resources */ = {isa = PBXBuildFile; fileRef = 191A6B49212113CD00EACFCB /* LaunchScreen.storyboard */; };
/* End PBXBuildFile section */

/* Begin PBXFileReference section */
		191A6B3A212113CB00EACFCB /* MyScheduler.app */ = {isa = PBXFileReference; explicitFileType = wrapper.application; includeInIndex = 0; path = MyScheduler.app; sourceTree = BUILT_PRODUCTS_DIR; };
		191A6B3D212113CB00EACFCB /* AppDelegate.swift */ = {isa = PBXFileReference; lastKnownFileType = sourcecode.swift; path = AppDelegate.swift; sourceTree = "<group>"; };
		191A6B3F212113CB00EACFCB /* ViewController.swift */ = {isa = PBXFileReference; lastKnownFileType = sourcecode.swift; path = ViewController.swift; sourceTree = "<group>"; };
		191A6B42212113CB00EACFCB /* Base */ = {isa = PBXFileReference; lastKnownFileType = file.storyboard; name = Base; path = Base.lproj/Main.storyboard; sourceTree = "<group>"; };
		191A6B47212113CD00EACFCB /* Assets.xcassets */ = {isa = PBXFileReference; lastKnownFileType = folder.assetcatalog; path = Assets.xcassets; sourceTree = "<group>"; };
		191A6B4A212113CD00EACFCB /* Base */ = {isa = PBXFileReference; lastKnownFileType = file.storyboard; name = Base; path = Base.lproj/LaunchScreen.storyboard; sourceTree = "<group>"; };
		191A6B4C212113CD00EACFCB /* Info.plist */ = {isa = PBXFileReference; lastKnownFileType = text.plist.xml; path = Info.plist; sourceTree = "<group>"; };
		BAD98164FF5099E21B816319 /* Pods-MyScheduler.debug.xcconfig */ = {isa = PBXFileReference; includeInIndex = 1; lastKnownFileType = text.xcconfig; name = "Pods-MyScheduler.debug.xcconfig"; path = "Pods/Target Support Files/Pods-MyScheduler/Pods-MyScheduler.debug.xcconfig"; sourceTree = "<group>"; };
		CA748DE3AFE316700C8C29CB /* Pods-MyScheduler.release.xcconfig */ = {isa = PBXFileReference; includeInIndex = 1; lastKnownFileType = text.xcconfig; name = "Pods-MyScheduler.release.xcconfig"; path = "Pods/Target Support Files/Pods-MyScheduler/Pods-MyScheduler.release.xcconfig"; sourceTree = "<group>"; };
		CD0D29231BEE8F3DBAC59093 /* Pods_MyScheduler.framework */ = {isa = PBXFileReference; explicitFileType = wrapper.framework; includeInIndex = 0; path = Pods_MyScheduler.framework; sourceTree = BUILT_PRODUCTS_DIR; };
/* End PBXFileReference section */

/* Begin PBXFrameworksBuildPhase section */
		191A6B37212113CB00EACFCB /* Frameworks */ = {
			isa = PBXFrameworksBuildPhase;
			buildActionMask = 2147483647;
			files = (
				122D2C1C7C98EC5FA7B733E2 /* Pods_MyScheduler.framework in Frameworks */,
			);
			runOnlyForDeploymentPostprocessing = 0;
		};
/* End PBXFrameworksBuildPhase section */

/* Begin PBXGroup section */
		191A6B31212113CB00EACFCB = {
			isa = PBXGroup;
			children = (
				191A6B3C212113CB00EACFCB /* MyScheduler */,
				191A6B3B212113CB00EACFCB /* Products */,
				773DBF1E7A3DF9BCF16CD6E1 /* Pods */,
				5F94E21A553C9B759CE3D319 /* Frameworks */,
			);
			sourceTree = "<group>";
		};
		191A6B3B212113CB00EACFCB /* Products */ = {
			isa = PBXGroup;
			children = (
				191A6B3A212113CB00EACFCB /* MyScheduler.app */,
			);
			name = Products;
			sourceTree = "<group>";
		};
		191A6B3C212113CB00EACFCB /* MyScheduler */ = {
			isa = PBXGroup;
			children = (
				19DC5D702121167600970669 /* Resources */,
				19DC5D6F2121166B00970669 /* Supporting Files */,
				19DC5D6D2121161B00970669 /* Controllers */,
				19DC5D6C2121161600970669 /* Views */,
				19DC5D6B2121161100970669 /* Models */,
				191A6B3D212113CB00EACFCB /* AppDelegate.swift */,
			);
			path = MyScheduler;
			sourceTree = "<group>";
		};
		19DC5D6B2121161100970669 /* Models */ = {
			isa = PBXGroup;
			children = (
			);
			path = Models;
			sourceTree = "<group>";
		};
		19DC5D6C2121161600970669 /* Views */ = {
			isa = PBXGroup;
			children = (
				191A6B41212113CB00EACFCB /* Main.storyboard */,
				191A6B49212113CD00EACFCB /* LaunchScreen.storyboard */,
			);
			path = Views;
			sourceTree = "<group>";
		};
		19DC5D6D2121161B00970669 /* Controllers */ = {
			isa = PBXGroup;
			children = (
				191A6B3F212113CB00EACFCB /* ViewController.swift */,
			);
			path = Controllers;
			sourceTree = "<group>";
		};
		19DC5D6F2121166B00970669 /* Supporting Files */ = {
			isa = PBXGroup;
			children = (
				191A6B4C212113CD00EACFCB /* Info.plist */,
			);
			path = "Supporting Files";
			sourceTree = "<group>";
		};
		19DC5D702121167600970669 /* Resources */ = {
			isa = PBXGroup;
			children = (
				191A6B47212113CD00EACFCB /* Assets.xcassets */,
			);
			path = Resources;
			sourceTree = "<group>";
		};
		5F94E21A553C9B759CE3D319 /* Frameworks */ = {
			isa = PBXGroup;
			children = (
				CD0D29231BEE8F3DBAC59093 /* Pods_MyScheduler.framework */,
			);
			name = Frameworks;
			sourceTree = "<group>";
		};
		773DBF1E7A3DF9BCF16CD6E1 /* Pods */ = {
			isa = PBXGroup;
			children = (
				BAD98164FF5099E21B816319 /* Pods-MyScheduler.debug.xcconfig */,
				CA748DE3AFE316700C8C29CB /* Pods-MyScheduler.release.xcconfig */,
			);
			name = Pods;
			sourceTree = "<group>";
		};
/* End PBXGroup section */

/* Begin PBXNativeTarget section */
		191A6B39212113CB00EACFCB /* MyScheduler */ = {
			isa = PBXNativeTarget;
			buildConfigurationList = 191A6B4F212113CD00EACFCB /* Build configuration list for PBXNativeTarget "MyScheduler" */;
			buildPhases = (
				DDAE120995BD699A7C639837 /* [CP] Check Pods Manifest.lock */,
				191A6B36212113CB00EACFCB /* Sources */,
				191A6B37212113CB00EACFCB /* Frameworks */,
				191A6B38212113CB00EACFCB /* Resources */,
				BC5F3679B6F30B1229DE8037 /* [CP] Embed Pods Frameworks */,
			);
			buildRules = (
			);
			dependencies = (
			);
			name = MyScheduler;
			productName = MyScheduler;
			productReference = 191A6B3A212113CB00EACFCB /* MyScheduler.app */;
			productType = "com.apple.product-type.application";
		};
/* End PBXNativeTarget section */

/* Begin PBXProject section */
		191A6B32212113CB00EACFCB /* Project object */ = {
			isa = PBXProject;
			attributes = {
				LastSwiftUpdateCheck = 0940;
				LastUpgradeCheck = 0940;
				ORGANIZATIONNAME = "Takuya Nakajima";
				TargetAttributes = {
					191A6B39212113CB00EACFCB = {
						CreatedOnToolsVersion = 9.4.1;
					};
				};
			};
			buildConfigurationList = 191A6B35212113CB00EACFCB /* Build configuration list for PBXProject "MyScheduler" */;
			compatibilityVersion = "Xcode 9.3";
			developmentRegion = en;
			hasScannedForEncodings = 0;
			knownRegions = (
				en,
				Base,
			);
			mainGroup = 191A6B31212113CB00EACFCB;
			productRefGroup = 191A6B3B212113CB00EACFCB /* Products */;
			projectDirPath = "";
			projectRoot = "";
			targets = (
				191A6B39212113CB00EACFCB /* MyScheduler */,
			);
		};
/* End PBXProject section */

/* Begin PBXResourcesBuildPhase section */
		191A6B38212113CB00EACFCB /* Resources */ = {
			isa = PBXResourcesBuildPhase;
			buildActionMask = 2147483647;
			files = (
				191A6B4B212113CD00EACFCB /* LaunchScreen.storyboard in Resources */,
				191A6B48212113CD00EACFCB /* Assets.xcassets in Resources */,
				191A6B43212113CB00EACFCB /* Main.storyboard in Resources */,
			);
			runOnlyForDeploymentPostprocessing = 0;
		};
/* End PBXResourcesBuildPhase section */

/* Begin PBXShellScriptBuildPhase section */
		BC5F3679B6F30B1229DE8037 /* [CP] Embed Pods Frameworks */ = {
			isa = PBXShellScriptBuildPhase;
			buildActionMask = 2147483647;
			files = (
			);
			inputPaths = (
				"${SRCROOT}/Pods/Target Support Files/Pods-MyScheduler/Pods-MyScheduler-frameworks.sh",
				"${BUILT_PRODUCTS_DIR}/CalendarView/CalendarView.framework",
				"${BUILT_PRODUCTS_DIR}/Realm/Realm.framework",
				"${BUILT_PRODUCTS_DIR}/RealmSwift/RealmSwift.framework",
				"${BUILT_PRODUCTS_DIR}/SwiftMoment/SwiftMoment.framework",
			);
			name = "[CP] Embed Pods Frameworks";
			outputPaths = (
				"${TARGET_BUILD_DIR}/${FRAMEWORKS_FOLDER_PATH}/CalendarView.framework",
				"${TARGET_BUILD_DIR}/${FRAMEWORKS_FOLDER_PATH}/Realm.framework",
				"${TARGET_BUILD_DIR}/${FRAMEWORKS_FOLDER_PATH}/RealmSwift.framework",
				"${TARGET_BUILD_DIR}/${FRAMEWORKS_FOLDER_PATH}/SwiftMoment.framework",
			);
			runOnlyForDeploymentPostprocessing = 0;
			shellPath = /bin/sh;
			shellScript = "\"${SRCROOT}/Pods/Target Support Files/Pods-MyScheduler/Pods-MyScheduler-frameworks.sh\"\n";
			showEnvVarsInLog = 0;
		};
		DDAE120995BD699A7C639837 /* [CP] Check Pods Manifest.lock */ = {
			isa = PBXShellScriptBuildPhase;
			buildActionMask = 2147483647;
			files = (
			);
			inputPaths = (
				"${PODS_PODFILE_DIR_PATH}/Podfile.lock",
				"${PODS_ROOT}/Manifest.lock",
			);
			name = "[CP] Check Pods Manifest.lock";
			outputPaths = (
				"$(DERIVED_FILE_DIR)/Pods-MyScheduler-checkManifestLockResult.txt",
			);
			runOnlyForDeploymentPostprocessing = 0;
			shellPath = /bin/sh;
			shellScript = "diff \"${PODS_PODFILE_DIR_PATH}/Podfile.lock\" \"${PODS_ROOT}/Manifest.lock\" > /dev/null\nif [ $? != 0 ] ; then\n    # print error to STDERR\n    echo \"error: The sandbox is not in sync with the Podfile.lock. Run 'pod install' or update your CocoaPods installation.\" >&2\n    exit 1\nfi\n# This output is used by Xcode 'outputs' to avoid re-running this script phase.\necho \"SUCCESS\" > \"${SCRIPT_OUTPUT_FILE_0}\"\n";
			showEnvVarsInLog = 0;
		};
/* End PBXShellScriptBuildPhase section */

/* Begin PBXSourcesBuildPhase section */
		191A6B36212113CB00EACFCB /* Sources */ = {
			isa = PBXSourcesBuildPhase;
			buildActionMask = 2147483647;
			files = (
				191A6B40212113CB00EACFCB /* ViewController.swift in Sources */,
				191A6B3E212113CB00EACFCB /* AppDelegate.swift in Sources */,
			);
			runOnlyForDeploymentPostprocessing = 0;
		};
/* End PBXSourcesBuildPhase section */

/* Begin PBXVariantGroup section */
		191A6B41212113CB00EACFCB /* Main.storyboard */ = {
			isa = PBXVariantGroup;
			children = (
				191A6B42212113CB00EACFCB /* Base */,
			);
			name = Main.storyboard;
			sourceTree = "<group>";
		};
		191A6B49212113CD00EACFCB /* LaunchScreen.storyboard */ = {
			isa = PBXVariantGroup;
			children = (
				191A6B4A212113CD00EACFCB /* Base */,
			);
			name = LaunchScreen.storyboard;
			sourceTree = "<group>";
		};
/* End PBXVariantGroup section */

/* Begin XCBuildConfiguration section */
		191A6B4D212113CD00EACFCB /* Debug */ = {
			isa = XCBuildConfiguration;
			buildSettings = {
				ALWAYS_SEARCH_USER_PATHS = NO;
				CLANG_ANALYZER_NONNULL = YES;
				CLANG_ANALYZER_NUMBER_OBJECT_CONVERSION = YES_AGGRESSIVE;
				CLANG_CXX_LANGUAGE_STANDARD = "gnu++14";
				CLANG_CXX_LIBRARY = "libc++";
				CLANG_ENABLE_MODULES = YES;
				CLANG_ENABLE_OBJC_ARC = YES;
				CLANG_ENABLE_OBJC_WEAK = YES;
				CLANG_WARN_BLOCK_CAPTURE_AUTORELEASING = YES;
				CLANG_WARN_BOOL_CONVERSION = YES;
				CLANG_WARN_COMMA = YES;
				CLANG_WARN_CONSTANT_CONVERSION = YES;
				CLANG_WARN_DEPRECATED_OBJC_IMPLEMENTATIONS = YES;
				CLANG_WARN_DIRECT_OBJC_ISA_USAGE = YES_ERROR;
				CLANG_WARN_DOCUMENTATION_COMMENTS = YES;
				CLANG_WARN_EMPTY_BODY = YES;
				CLANG_WARN_ENUM_CONVERSION = YES;
				CLANG_WARN_INFINITE_RECURSION = YES;
				CLANG_WARN_INT_CONVERSION = YES;
				CLANG_WARN_NON_LITERAL_NULL_CONVERSION = YES;
				CLANG_WARN_OBJC_IMPLICIT_RETAIN_SELF = YES;
				CLANG_WARN_OBJC_LITERAL_CONVERSION = YES;
				CLANG_WARN_OBJC_ROOT_CLASS = YES_ERROR;
				CLANG_WARN_RANGE_LOOP_ANALYSIS = YES;
				CLANG_WARN_STRICT_PROTOTYPES = YES;
				CLANG_WARN_SUSPICIOUS_MOVE = YES;
				CLANG_WARN_UNGUARDED_AVAILABILITY = YES_AGGRESSIVE;
				CLANG_WARN_UNREACHABLE_CODE = YES;
				CLANG_WARN__DUPLICATE_METHOD_MATCH = YES;
				CODE_SIGN_IDENTITY = "iPhone Developer";
				COPY_PHASE_STRIP = NO;
				DEBUG_INFORMATION_FORMAT = dwarf;
				ENABLE_STRICT_OBJC_MSGSEND = YES;
				ENABLE_TESTABILITY = YES;
				GCC_C_LANGUAGE_STANDARD = gnu11;
				GCC_DYNAMIC_NO_PIC = NO;
				GCC_NO_COMMON_BLOCKS = YES;
				GCC_OPTIMIZATION_LEVEL = 0;
				GCC_PREPROCESSOR_DEFINITIONS = (
					"DEBUG=1",
					"$(inherited)",
				);
				GCC_WARN_64_TO_32_BIT_CONVERSION = YES;
				GCC_WARN_ABOUT_RETURN_TYPE = YES_ERROR;
				GCC_WARN_UNDECLARED_SELECTOR = YES;
				GCC_WARN_UNINITIALIZED_AUTOS = YES_AGGRESSIVE;
				GCC_WARN_UNUSED_FUNCTION = YES;
				GCC_WARN_UNUSED_VARIABLE = YES;
				IPHONEOS_DEPLOYMENT_TARGET = 9.0;
				MTL_ENABLE_DEBUG_INFO = YES;
				ONLY_ACTIVE_ARCH = YES;
				SDKROOT = iphoneos;
				SWIFT_ACTIVE_COMPILATION_CONDITIONS = DEBUG;
				SWIFT_OPTIMIZATION_LEVEL = "-Onone";
			};
			name = Debug;
		};
		191A6B4E212113CD00EACFCB /* Release */ = {
			isa = XCBuildConfiguration;
			buildSettings = {
				ALWAYS_SEARCH_USER_PATHS = NO;
				CLANG_ANALYZER_NONNULL = YES;
				CLANG_ANALYZER_NUMBER_OBJECT_CONVERSION = YES_AGGRESSIVE;
				CLANG_CXX_LANGUAGE_STANDARD = "gnu++14";
				CLANG_CXX_LIBRARY = "libc++";
				CLANG_ENABLE_MODULES = YES;
				CLANG_ENABLE_OBJC_ARC = YES;
				CLANG_ENABLE_OBJC_WEAK = YES;
				CLANG_WARN_BLOCK_CAPTURE_AUTORELEASING = YES;
				CLANG_WARN_BOOL_CONVERSION = YES;
				CLANG_WARN_COMMA = YES;
				CLANG_WARN_CONSTANT_CONVERSION = YES;
				CLANG_WARN_DEPRECATED_OBJC_IMPLEMENTATIONS = YES;
				CLANG_WARN_DIRECT_OBJC_ISA_USAGE = YES_ERROR;
				CLANG_WARN_DOCUMENTATION_COMMENTS = YES;
				CLANG_WARN_EMPTY_BODY = YES;
				CLANG_WARN_ENUM_CONVERSION = YES;
				CLANG_WARN_INFINITE_RECURSION = YES;
				CLANG_WARN_INT_CONVERSION = YES;
				CLANG_WARN_NON_LITERAL_NULL_CONVERSION = YES;
				CLANG_WARN_OBJC_IMPLICIT_RETAIN_SELF = YES;
				CLANG_WARN_OBJC_LITERAL_CONVERSION = YES;
				CLANG_WARN_OBJC_ROOT_CLASS = YES_ERROR;
				CLANG_WARN_RANGE_LOOP_ANALYSIS = YES;
				CLANG_WARN_STRICT_PROTOTYPES = YES;
				CLANG_WARN_SUSPICIOUS_MOVE = YES;
				CLANG_WARN_UNGUARDED_AVAILABILITY = YES_AGGRESSIVE;
				CLANG_WARN_UNREACHABLE_CODE = YES;
				CLANG_WARN__DUPLICATE_METHOD_MATCH = YES;
				CODE_SIGN_IDENTITY = "iPhone Developer";
				COPY_PHASE_STRIP = NO;
				DEBUG_INFORMATION_FORMAT = "dwarf-with-dsym";
				ENABLE_NS_ASSERTIONS = NO;
				ENABLE_STRICT_OBJC_MSGSEND = YES;
				GCC_C_LANGUAGE_STANDARD = gnu11;
				GCC_NO_COMMON_BLOCKS = YES;
				GCC_WARN_64_TO_32_BIT_CONVERSION = YES;
				GCC_WARN_ABOUT_RETURN_TYPE = YES_ERROR;
				GCC_WARN_UNDECLARED_SELECTOR = YES;
				GCC_WARN_UNINITIALIZED_AUTOS = YES_AGGRESSIVE;
				GCC_WARN_UNUSED_FUNCTION = YES;
				GCC_WARN_UNUSED_VARIABLE = YES;
				IPHONEOS_DEPLOYMENT_TARGET = 9.0;
				MTL_ENABLE_DEBUG_INFO = NO;
				SDKROOT = iphoneos;
				SWIFT_COMPILATION_MODE = wholemodule;
				SWIFT_OPTIMIZATION_LEVEL = "-O";
				VALIDATE_PRODUCT = YES;
			};
			name = Release;
		};
		191A6B50212113CD00EACFCB /* Debug */ = {
			isa = XCBuildConfiguration;
			baseConfigurationReference = BAD98164FF5099E21B816319 /* Pods-MyScheduler.debug.xcconfig */;
			buildSettings = {
				ASSETCATALOG_COMPILER_APPICON_NAME = AppIcon;
				CODE_SIGN_STYLE = Automatic;
				DEVELOPMENT_TEAM = U4W8PZAU69;
				INFOPLIST_FILE = "MyScheduler/Supporting Files/Info.plist";
				IPHONEOS_DEPLOYMENT_TARGET = 9.0;
				LD_RUNPATH_SEARCH_PATHS = (
					"$(inherited)",
					"@executable_path/Frameworks",
				);
				PRODUCT_BUNDLE_IDENTIFIER = org.evelinks.MyScheduler;
				PRODUCT_NAME = "$(TARGET_NAME)";
				SWIFT_VERSION = 4.0;
				TARGETED_DEVICE_FAMILY = "1,2";
			};
			name = Debug;
		};
		191A6B51212113CD00EACFCB /* Release */ = {
			isa = XCBuildConfiguration;
			baseConfigurationReference = CA748DE3AFE316700C8C29CB /* Pods-MyScheduler.release.xcconfig */;
			buildSettings = {
				ASSETCATALOG_COMPILER_APPICON_NAME = AppIcon;
				CODE_SIGN_STYLE = Automatic;
				DEVELOPMENT_TEAM = U4W8PZAU69;
				INFOPLIST_FILE = "MyScheduler/Supporting Files/Info.plist";
				IPHONEOS_DEPLOYMENT_TARGET = 9.0;
				LD_RUNPATH_SEARCH_PATHS = (
					"$(inherited)",
					"@executable_path/Frameworks",
				);
				PRODUCT_BUNDLE_IDENTIFIER = org.evelinks.MyScheduler;
				PRODUCT_NAME = "$(TARGET_NAME)";
				SWIFT_VERSION = 4.0;
				TARGETED_DEVICE_FAMILY = "1,2";
			};
			name = Release;
		};
/* End XCBuildConfiguration section */

/* Begin XCConfigurationList section */
		191A6B35212113CB00EACFCB /* Build configuration list for PBXProject "MyScheduler" */ = {
			isa = XCConfigurationList;
			buildConfigurations = (
				191A6B4D212113CD00EACFCB /* Debug */,
				191A6B4E212113CD00EACFCB /* Release */,
			);
			defaultConfigurationIsVisible = 0;
			defaultConfigurationName = Release;
		};
		191A6B4F212113CD00EACFCB /* Build configuration list for PBXNativeTarget "MyScheduler" */ = {
			isa = XCConfigurationList;
			buildConfigurations = (
				191A6B50212113CD00EACFCB /* Debug */,
				191A6B51212113CD00EACFCB /* Release */,
			);
			defaultConfigurationIsVisible = 0;
			defaultConfigurationName = Release;
		};
/* End XCConfigurationList section */
	};
	rootObject = 191A6B32212113CB00EACFCB /* Project object */;
}
